// !$*UTF8*$!
{
	archiveVersion = 1;
	classes = {
	};
	objectVersion = 50;
	objects = {

/* Begin PBXBuildFile section */
		182C92D1266556CD00B49EDB /* AppDelegate.swift in Sources */ = {isa = PBXBuildFile; fileRef = 182C92D0266556CD00B49EDB /* AppDelegate.swift */; };
		182C92D3266556CD00B49EDB /* SceneDelegate.swift in Sources */ = {isa = PBXBuildFile; fileRef = 182C92D2266556CD00B49EDB /* SceneDelegate.swift */; };
		182C92D5266556CD00B49EDB /* ViewController.swift in Sources */ = {isa = PBXBuildFile; fileRef = 182C92D4266556CD00B49EDB /* ViewController.swift */; };
		182C92D8266556CD00B49EDB /* Main.storyboard in Resources */ = {isa = PBXBuildFile; fileRef = 182C92D6266556CD00B49EDB /* Main.storyboard */; };
		182C92DA266556E700B49EDB /* Assets.xcassets in Resources */ = {isa = PBXBuildFile; fileRef = 182C92D9266556E700B49EDB /* Assets.xcassets */; };
		182C92DD266556E800B49EDB /* LaunchScreen.storyboard in Resources */ = {isa = PBXBuildFile; fileRef = 182C92DB266556E800B49EDB /* LaunchScreen.storyboard */; };
		18B0B2772665695A008DA016 /* GoogleService-Info.plist in Resources */ = {isa = PBXBuildFile; fileRef = 18B0B2762665695A008DA016 /* GoogleService-Info.plist */; };
		4F7158FED5E2F0AC0D2DC18B /* Pods_cl2_quiroz.framework in Frameworks */ = {isa = PBXBuildFile; fileRef = 8F92F49457C4BF89BCD8D746 /* Pods_cl2_quiroz.framework */; };
/* End PBXBuildFile section */

/* Begin PBXFileReference section */
		182C92CD266556CD00B49EDB /* cl2_quiroz.app */ = {isa = PBXFileReference; explicitFileType = wrapper.application; includeInIndex = 0; path = cl2_quiroz.app; sourceTree = BUILT_PRODUCTS_DIR; };
		182C92D0266556CD00B49EDB /* AppDelegate.swift */ = {isa = PBXFileReference; lastKnownFileType = sourcecode.swift; path = AppDelegate.swift; sourceTree = "<group>"; };
		182C92D2266556CD00B49EDB /* SceneDelegate.swift */ = {isa = PBXFileReference; lastKnownFileType = sourcecode.swift; path = SceneDelegate.swift; sourceTree = "<group>"; };
		182C92D4266556CD00B49EDB /* ViewController.swift */ = {isa = PBXFileReference; lastKnownFileType = sourcecode.swift; path = ViewController.swift; sourceTree = "<group>"; };
		182C92D7266556CD00B49EDB /* Base */ = {isa = PBXFileReference; lastKnownFileType = file.storyboard; name = Base; path = Base.lproj/Main.storyboard; sourceTree = "<group>"; };
		182C92D9266556E700B49EDB /* Assets.xcassets */ = {isa = PBXFileReference; lastKnownFileType = folder.assetcatalog; path = Assets.xcassets; sourceTree = "<group>"; };
		182C92DC266556E800B49EDB /* Base */ = {isa = PBXFileReference; lastKnownFileType = file.storyboard; name = Base; path = Base.lproj/LaunchScreen.storyboard; sourceTree = "<group>"; };
		182C92DE266556E800B49EDB /* Info.plist */ = {isa = PBXFileReference; lastKnownFileType = text.plist.xml; path = Info.plist; sourceTree = "<group>"; };
		18B0B2762665695A008DA016 /* GoogleService-Info.plist */ = {isa = PBXFileReference; fileEncoding = 4; lastKnownFileType = text.plist.xml; path = "GoogleService-Info.plist"; sourceTree = "<group>"; };
		3DC002BDE791EE1C0F9CC894 /* Pods-cl2_quiroz.debug.xcconfig */ = {isa = PBXFileReference; includeInIndex = 1; lastKnownFileType = text.xcconfig; name = "Pods-cl2_quiroz.debug.xcconfig"; path = "Target Support Files/Pods-cl2_quiroz/Pods-cl2_quiroz.debug.xcconfig"; sourceTree = "<group>"; };
		8F92F49457C4BF89BCD8D746 /* Pods_cl2_quiroz.framework */ = {isa = PBXFileReference; explicitFileType = wrapper.framework; includeInIndex = 0; path = Pods_cl2_quiroz.framework; sourceTree = BUILT_PRODUCTS_DIR; };
		9FCEB66FE73F84D61305307B /* Pods-cl2_quiroz.release.xcconfig */ = {isa = PBXFileReference; includeInIndex = 1; lastKnownFileType = text.xcconfig; name = "Pods-cl2_quiroz.release.xcconfig"; path = "Target Support Files/Pods-cl2_quiroz/Pods-cl2_quiroz.release.xcconfig"; sourceTree = "<group>"; };
/* End PBXFileReference section */

/* Begin PBXFrameworksBuildPhase section */
		182C92CA266556CC00B49EDB /* Frameworks */ = {
			isa = PBXFrameworksBuildPhase;
			buildActionMask = 2147483647;
			files = (
				4F7158FED5E2F0AC0D2DC18B /* Pods_cl2_quiroz.framework in Frameworks */,
			);
			runOnlyForDeploymentPostprocessing = 0;
		};
/* End PBXFrameworksBuildPhase section */

/* Begin PBXGroup section */
		182C92C4266556CC00B49EDB = {
			isa = PBXGroup;
			children = (
				182C92CF266556CD00B49EDB /* cl2_quiroz */,
				182C92CE266556CD00B49EDB /* Products */,
				A752CC3BA5DEDDE7416A2A65 /* Pods */,
				DB5D9F66749A4735C03B4242 /* Frameworks */,
			);
			sourceTree = "<group>";
		};
		182C92CE266556CD00B49EDB /* Products */ = {
			isa = PBXGroup;
			children = (
				182C92CD266556CD00B49EDB /* cl2_quiroz.app */,
			);
			name = Products;
			sourceTree = "<group>";
		};
		182C92CF266556CD00B49EDB /* cl2_quiroz */ = {
			isa = PBXGroup;
			children = (
				182C92D0266556CD00B49EDB /* AppDelegate.swift */,
				182C92D2266556CD00B49EDB /* SceneDelegate.swift */,
				182C92D4266556CD00B49EDB /* ViewController.swift */,
				182C92D6266556CD00B49EDB /* Main.storyboard */,
				182C92D9266556E700B49EDB /* Assets.xcassets */,
				182C92DB266556E800B49EDB /* LaunchScreen.storyboard */,
				182C92DE266556E800B49EDB /* Info.plist */,
				18B0B2762665695A008DA016 /* GoogleService-Info.plist */,
			);
			path = cl2_quiroz;
			sourceTree = "<group>";
		};
		A752CC3BA5DEDDE7416A2A65 /* Pods */ = {
			isa = PBXGroup;
			children = (
				3DC002BDE791EE1C0F9CC894 /* Pods-cl2_quiroz.debug.xcconfig */,
				9FCEB66FE73F84D61305307B /* Pods-cl2_quiroz.release.xcconfig */,
			);
			name = Pods;
			path = Pods;
			sourceTree = "<group>";
		};
		DB5D9F66749A4735C03B4242 /* Frameworks */ = {
			isa = PBXGroup;
			children = (
				8F92F49457C4BF89BCD8D746 /* Pods_cl2_quiroz.framework */,
			);
			name = Frameworks;
			sourceTree = "<group>";
		};
/* End PBXGroup section */

/* Begin PBXNativeTarget section */
		182C92CC266556CC00B49EDB /* cl2_quiroz */ = {
			isa = PBXNativeTarget;
			buildConfigurationList = 182C92E1266556E800B49EDB /* Build configuration list for PBXNativeTarget "cl2_quiroz" */;
			buildPhases = (
				4ACC19EA784F72414C1D8049 /* [CP] Check Pods Manifest.lock */,
				182C92C9266556CC00B49EDB /* Sources */,
				182C92CA266556CC00B49EDB /* Frameworks */,
				182C92CB266556CC00B49EDB /* Resources */,
			);
			buildRules = (
			);
			dependencies = (
			);
			name = cl2_quiroz;
			productName = cl2_quiroz;
			productReference = 182C92CD266556CD00B49EDB /* cl2_quiroz.app */;
			productType = "com.apple.product-type.application";
		};
/* End PBXNativeTarget section */

/* Begin PBXProject section */
		182C92C5266556CC00B49EDB /* Project object */ = {
			isa = PBXProject;
			attributes = {
				LastSwiftUpdateCheck = 1240;
				LastUpgradeCheck = 1240;
				TargetAttributes = {
					182C92CC266556CC00B49EDB = {
						CreatedOnToolsVersion = 12.4;
					};
				};
			};
			buildConfigurationList = 182C92C8266556CC00B49EDB /* Build configuration list for PBXProject "cl2_quiroz" */;
			compatibilityVersion = "Xcode 9.3";
			developmentRegion = en;
			hasScannedForEncodings = 0;
			knownRegions = (
				en,
				Base,
			);
			mainGroup = 182C92C4266556CC00B49EDB;
			productRefGroup = 182C92CE266556CD00B49EDB /* Products */;
			projectDirPath = "";
			projectRoot = "";
			targets = (
				182C92CC266556CC00B49EDB /* cl2_quiroz */,
			);
		};
/* End PBXProject section */

/* Begin PBXResourcesBuildPhase section */
		182C92CB266556CC00B49EDB /* Resources */ = {
			isa = PBXResourcesBuildPhase;
			buildActionMask = 2147483647;
			files = (
				182C92DD266556E800B49EDB /* LaunchScreen.storyboard in Resources */,
				18B0B2772665695A008DA016 /* GoogleService-Info.plist in Resources */,
				182C92DA266556E700B49EDB /* Assets.xcassets in Resources */,
				182C92D8266556CD00B49EDB /* Main.storyboard in Resources */,
			);
			runOnlyForDeploymentPostprocessing = 0;
		};
/* End PBXResourcesBuildPhase section */

/* Begin PBXShellScriptBuildPhase section */
		4ACC19EA784F72414C1D8049 /* [CP] Check Pods Manifest.lock */ = {
			isa = PBXShellScriptBuildPhase;
			buildActionMask = 2147483647;
			files = (
			);
			inputFileListPaths = (
			);
			inputPaths = (
				"${PODS_PODFILE_DIR_PATH}/Podfile.lock",
				"${PODS_ROOT}/Manifest.lock",
			);
			name = "[CP] Check Pods Manifest.lock";
			outputFileListPaths = (
			);
			outputPaths = (
				"$(DERIVED_FILE_DIR)/Pods-cl2_quiroz-checkManifestLockResult.txt",
			);
			runOnlyForDeploymentPostprocessing = 0;
			shellPath = /bin/sh;
			shellScript = "diff \"${PODS_PODFILE_DIR_PATH}/Podfile.lock\" \"${PODS_ROOT}/Manifest.lock\" > /dev/null\nif [ $? != 0 ] ; then\n    # print error to STDERR\n    echo \"error: The sandbox is not in sync with the Podfile.lock. Run 'pod install' or update your CocoaPods installation.\" >&2\n    exit 1\nfi\n# This output is used by Xcode 'outputs' to avoid re-running this script phase.\necho \"SUCCESS\" > \"${SCRIPT_OUTPUT_FILE_0}\"\n";
			showEnvVarsInLog = 0;
		};
/* End PBXShellScriptBuildPhase section */

/* Begin PBXSourcesBuildPhase section */
		182C92C9266556CC00B49EDB /* Sources */ = {
			isa = PBXSourcesBuildPhase;
			buildActionMask = 2147483647;
			files = (
				182C92D5266556CD00B49EDB /* ViewController.swift in Sources */,
				182C92D1266556CD00B49EDB /* AppDelegate.swift in Sources */,
				182C92D3266556CD00B49EDB /* SceneDelegate.swift in Sources */,
			);
			runOnlyForDeploymentPostprocessing = 0;
		};
/* End PBXSourcesBuildPhase section */

/* Begin PBXVariantGroup section */
		182C92D6266556CD00B49EDB /* Main.storyboard */ = {
			isa = PBXVariantGroup;
			children = (
				182C92D7266556CD00B49EDB /* Base */,
			);
			name = Main.storyboard;
			sourceTree = "<group>";
		};
		182C92DB266556E800B49EDB /* LaunchScreen.storyboard */ = {
			isa = PBXVariantGroup;
			children = (
				182C92DC266556E800B49EDB /* Base */,
			);
			name = LaunchScreen.storyboard;
			sourceTree = "<group>";
		};
/* End PBXVariantGroup section */

/* Begin XCBuildConfiguration section */
		182C92DF266556E800B49EDB /* Debug */ = {
			isa = XCBuildConfiguration;
			buildSettings = {
				ALWAYS_SEARCH_USER_PATHS = NO;
				CLANG_ANALYZER_NONNULL = YES;
				CLANG_ANALYZER_NUMBER_OBJECT_CONVERSION = YES_AGGRESSIVE;
				CLANG_CXX_LANGUAGE_STANDARD = "gnu++14";
				CLANG_CXX_LIBRARY = "libc++";
				CLANG_ENABLE_MODULES = YES;
				CLANG_ENABLE_OBJC_ARC = YES;
				CLANG_ENABLE_OBJC_WEAK = YES;
				CLANG_WARN_BLOCK_CAPTURE_AUTORELEASING = YES;
				CLANG_WARN_BOOL_CONVERSION = YES;
				CLANG_WARN_COMMA = YES;
				CLANG_WARN_CONSTANT_CONVERSION = YES;
				CLANG_WARN_DEPRECATED_OBJC_IMPLEMENTATIONS = YES;
				CLANG_WARN_DIRECT_OBJC_ISA_USAGE = YES_ERROR;
				CLANG_WARN_DOCUMENTATION_COMMENTS = YES;
				CLANG_WARN_EMPTY_BODY = YES;
				CLANG_WARN_ENUM_CONVERSION = YES;
				CLANG_WARN_INFINITE_RECURSION = YES;
				CLANG_WARN_INT_CONVERSION = YES;
				CLANG_WARN_NON_LITERAL_NULL_CONVERSION = YES;
				CLANG_WARN_OBJC_IMPLICIT_RETAIN_SELF = YES;
				CLANG_WARN_OBJC_LITERAL_CONVERSION = YES;
				CLANG_WARN_OBJC_ROOT_CLASS = YES_ERROR;
				CLANG_WARN_QUOTED_INCLUDE_IN_FRAMEWORK_HEADER = YES;
				CLANG_WARN_RANGE_LOOP_ANALYSIS = YES;
				CLANG_WARN_STRICT_PROTOTYPES = YES;
				CLANG_WARN_SUSPICIOUS_MOVE = YES;
				CLANG_WARN_UNGUARDED_AVAILABILITY = YES_AGGRESSIVE;
				CLANG_WARN_UNREACHABLE_CODE = YES;
				CLANG_WARN__DUPLICATE_METHOD_MATCH = YES;
				COPY_PHASE_STRIP = NO;
				DEBUG_INFORMATION_FORMAT = dwarf;
				ENABLE_STRICT_OBJC_MSGSEND = YES;
				ENABLE_TESTABILITY = YES;
				GCC_C_LANGUAGE_STANDARD = gnu11;
				GCC_DYNAMIC_NO_PIC = NO;
				GCC_NO_COMMON_BLOCKS = YES;
				GCC_OPTIMIZATION_LEVEL = 0;
				GCC_PREPROCESSOR_DEFINITIONS = (
					"DEBUG=1",
					"$(inherited)",
				);
				GCC_WARN_64_TO_32_BIT_CONVERSION = YES;
				GCC_WARN_ABOUT_RETURN_TYPE = YES_ERROR;
				GCC_WARN_UNDECLARED_SELECTOR = YES;
				GCC_WARN_UNINITIALIZED_AUTOS = YES_AGGRESSIVE;
				GCC_WARN_UNUSED_FUNCTION = YES;
				GCC_WARN_UNUSED_VARIABLE = YES;
				IPHONEOS_DEPLOYMENT_TARGET = 14.4;
				MTL_ENABLE_DEBUG_INFO = INCLUDE_SOURCE;
				MTL_FAST_MATH = YES;
				ONLY_ACTIVE_ARCH = YES;
				SDKROOT = iphoneos;
				SWIFT_ACTIVE_COMPILATION_CONDITIONS = DEBUG;
				SWIFT_OPTIMIZATION_LEVEL = "-Onone";
			};
			name = Debug;
		};
		182C92E0266556E800B49EDB /* Release */ = {
			isa = XCBuildConfiguration;
			buildSettings = {
				ALWAYS_SEARCH_USER_PATHS = NO;
				CLANG_ANALYZER_NONNULL = YES;
				CLANG_ANALYZER_NUMBER_OBJECT_CONVERSION = YES_AGGRESSIVE;
				CLANG_CXX_LANGUAGE_STANDARD = "gnu++14";
				CLANG_CXX_LIBRARY = "libc++";
				CLANG_ENABLE_MODULES = YES;
				CLANG_ENABLE_OBJC_ARC = YES;
				CLANG_ENABLE_OBJC_WEAK = YES;
				CLANG_WARN_BLOCK_CAPTURE_AUTORELEASING = YES;
				CLANG_WARN_BOOL_CONVERSION = YES;
				CLANG_WARN_COMMA = YES;
				CLANG_WARN_CONSTANT_CONVERSION = YES;
				CLANG_WARN_DEPRECATED_OBJC_IMPLEMENTATIONS = YES;
				CLANG_WARN_DIRECT_OBJC_ISA_USAGE = YES_ERROR;
				CLANG_WARN_DOCUMENTATION_COMMENTS = YES;
				CLANG_WARN_EMPTY_BODY = YES;
				CLANG_WARN_ENUM_CONVERSION = YES;
				CLANG_WARN_INFINITE_RECURSION = YES;
				CLANG_WARN_INT_CONVERSION = YES;
				CLANG_WARN_NON_LITERAL_NULL_CONVERSION = YES;
				CLANG_WARN_OBJC_IMPLICIT_RETAIN_SELF = YES;
				CLANG_WARN_OBJC_LITERAL_CONVERSION = YES;
				CLANG_WARN_OBJC_ROOT_CLASS = YES_ERROR;
				CLANG_WARN_QUOTED_INCLUDE_IN_FRAMEWORK_HEADER = YES;
				CLANG_WARN_RANGE_LOOP_ANALYSIS = YES;
				CLANG_WARN_STRICT_PROTOTYPES = YES;
				CLANG_WARN_SUSPICIOUS_MOVE = YES;
				CLANG_WARN_UNGUARDED_AVAILABILITY = YES_AGGRESSIVE;
				CLANG_WARN_UNREACHABLE_CODE = YES;
				CLANG_WARN__DUPLICATE_METHOD_MATCH = YES;
				COPY_PHASE_STRIP = NO;
				DEBUG_INFORMATION_FORMAT = "dwarf-with-dsym";
				ENABLE_NS_ASSERTIONS = NO;
				ENABLE_STRICT_OBJC_MSGSEND = YES;
				GCC_C_LANGUAGE_STANDARD = gnu11;
				GCC_NO_COMMON_BLOCKS = YES;
				GCC_WARN_64_TO_32_BIT_CONVERSION = YES;
				GCC_WARN_ABOUT_RETURN_TYPE = YES_ERROR;
				GCC_WARN_UNDECLARED_SELECTOR = YES;
				GCC_WARN_UNINITIALIZED_AUTOS = YES_AGGRESSIVE;
				GCC_WARN_UNUSED_FUNCTION = YES;
				GCC_WARN_UNUSED_VARIABLE = YES;
				IPHONEOS_DEPLOYMENT_TARGET = 14.4;
				MTL_ENABLE_DEBUG_INFO = NO;
				MTL_FAST_MATH = YES;
				SDKROOT = iphoneos;
				SWIFT_COMPILATION_MODE = wholemodule;
				SWIFT_OPTIMIZATION_LEVEL = "-O";
				VALIDATE_PRODUCT = YES;
			};
			name = Release;
		};
		182C92E2266556E800B49EDB /* Debug */ = {
			isa = XCBuildConfiguration;
			baseConfigurationReference = 3DC002BDE791EE1C0F9CC894 /* Pods-cl2_quiroz.debug.xcconfig */;
			buildSettings = {
				ASSETCATALOG_COMPILER_APPICON_NAME = AppIcon;
				ASSETCATALOG_COMPILER_GLOBAL_ACCENT_COLOR_NAME = AccentColor;
				CODE_SIGN_STYLE = Automatic;
				INFOPLIST_FILE = cl2_quiroz/Info.plist;
				LD_RUNPATH_SEARCH_PATHS = (
					"$(inherited)",
					"@executable_path/Frameworks",
				);
				PRODUCT_BUNDLE_IDENTIFIER = "darknoise.cl2-quiroz";
				PRODUCT_NAME = "$(TARGET_NAME)";
				SWIFT_VERSION = 5.0;
				TARGETED_DEVICE_FAMILY = "1,2";
			};
			name = Debug;
		};
		182C92E3266556E800B49EDB /* Release */ = {
			isa = XCBuildConfiguration;
			baseConfigurationReference = 9FCEB66FE73F84D61305307B /* Pods-cl2_quiroz.release.xcconfig */;
			buildSettings = {
				ASSETCATALOG_COMPILER_APPICON_NAME = AppIcon;
				ASSETCATALOG_COMPILER_GLOBAL_ACCENT_COLOR_NAME = AccentColor;
				CODE_SIGN_STYLE = Automatic;
				INFOPLIST_FILE = cl2_quiroz/Info.plist;
				LD_RUNPATH_SEARCH_PATHS = (
					"$(inherited)",
					"@executable_path/Frameworks",
				);
				PRODUCT_BUNDLE_IDENTIFIER = "darknoise.cl2-quiroz";
				PRODUCT_NAME = "$(TARGET_NAME)";
				SWIFT_VERSION = 5.0;
				TARGETED_DEVICE_FAMILY = "1,2";
			};
			name = Release;
		};
/* End XCBuildConfiguration section */

/* Begin XCConfigurationList section */
		182C92C8266556CC00B49EDB /* Build configuration list for PBXProject "cl2_quiroz" */ = {
			isa = XCConfigurationList;
			buildConfigurations = (
				182C92DF266556E800B49EDB /* Debug */,
				182C92E0266556E800B49EDB /* Release */,
			);
			defaultConfigurationIsVisible = 0;
			defaultConfigurationName = Release;
		};
		182C92E1266556E800B49EDB /* Build configuration list for PBXNativeTarget "cl2_quiroz" */ = {
			isa = XCConfigurationList;
			buildConfigurations = (
				182C92E2266556E800B49EDB /* Debug */,
				182C92E3266556E800B49EDB /* Release */,
			);
			defaultConfigurationIsVisible = 0;
			defaultConfigurationName = Release;
		};
/* End XCConfigurationList section */
	};
	rootObject = 182C92C5266556CC00B49EDB /* Project object */;
}
